
Microsoft Visual Studio Solution File, Format Version 12.00
# Visual Studio 14
VisualStudioVersion = 14.0.25420.1
MinimumVisualStudioVersion = 10.0.40219.1
Project("{FAE04EC0-301F-11D3-BF4B-00C04F79EFBC}") = "wannaSmile", "wannaSmile\wannaSmile.csproj", "{9E9155CA-5C58-4EBB-BC8A-52F4DD5E7142}"
EndProject
Project("{54435603-DBB4-11D2-8724-00A0C9A8B90C}") = "WannaSmileSetup", "WannaSmileSetup\WannaSmileSetup.vdproj", "{60DD5B2B-C6D4-42E0-8E18-373E7283ADC7}"
EndProject
Global
	GlobalSection(SolutionConfigurationPlatforms) = preSolution
		Debug|Any CPU = Debug|Any CPU
		Release|Any CPU = Release|Any CPU
	EndGlobalSection
	GlobalSection(ProjectConfigurationPlatforms) = postSolution
		{9E9155CA-5C58-4EBB-BC8A-52F4DD5E7142}.Debug|Any CPU.ActiveCfg = Debug|Any CPU
		{9E9155CA-5C58-4EBB-BC8A-52F4DD5E7142}.Debug|Any CPU.Build.0 = Debug|Any CPU
		{9E9155CA-5C58-4EBB-BC8A-52F4DD5E7142}.Release|Any CPU.ActiveCfg = Release|Any CPU
		{9E9155CA-5C58-4EBB-BC8A-52F4DD5E7142}.Release|Any CPU.Build.0 = Release|Any CPU
		{60DD5B2B-C6D4-42E0-8E18-373E7283ADC7}.Debug|Any CPU.ActiveCfg = Debug
		{60DD5B2B-C6D4-42E0-8E18-373E7283ADC7}.Release|Any CPU.ActiveCfg = Release
	EndGlobalSection
	GlobalSection(SolutionProperties) = preSolution
		HideSolutionNode = FALSE
	EndGlobalSection
EndGlobal
